# This file is generated by running "yarn install" inside your project.
# Manual changes might be lost - proceed with caution!

__metadata:
  version: 6
  cacheKey: 8

"@tonic-foundation/config@workspace:packages/config":
  version: 0.0.0-use.local
  resolution: "@tonic-foundation/config@workspace:packages/config"
  dependencies:
    "@tsconfig/recommended": ^1.0.1
    near-api-js: ^0.44.2
    typescript: ^4.6.4
  languageName: unknown
  linkType: soft

"@tonic-foundation/storage@workspace:packages/storage":
  version: 0.0.0-use.local
  resolution: "@tonic-foundation/storage@workspace:packages/storage"
  dependencies:
    "@tonic-foundation/utils": 0.0.2
    "@tsconfig/recommended": ^1.0.1
    "@types/bn.js": ^5.1.0
    bn.js: ^5.2.0
    near-api-js: ^0.44.2
    typescript: ^4.6.4
  languageName: unknown
  linkType: soft

"@tonic-foundation/token@workspace:packages/token":
  version: 0.0.0-use.local
  resolution: "@tonic-foundation/token@workspace:packages/token"
  dependencies:
    "@tonic-foundation/utils": 0.0.2
    "@tsconfig/recommended": ^1.0.1
    near-api-js: ^0.44.2
    typescript: ^4.6.4
  languageName: unknown
  linkType: soft

"@tonic-foundation/utils@0.0.2, @tonic-foundation/utils@workspace:packages/utils":
  version: 0.0.0-use.local
  resolution: "@tonic-foundation/utils@workspace:packages/utils"
  dependencies:
    "@tsconfig/recommended": ^1.0.1
    "@types/bn.js": ^5.1.0
    bn.js: ^5.2.0
    near-api-js: ^0.44.2
    typescript: ^4.6.4
  languageName: unknown
  linkType: soft

"@tsconfig/recommended@npm:^1.0.1":
  version: 1.0.1
  resolution: "@tsconfig/recommended@npm:1.0.1"
  checksum: 5f781e6a26277ee86dd0f1d575d18133627908ddf7c78acdcab0e40d0b7f21f4e1462eb8f98b74cda1d05d15fb3629ceea4c622ee031d62e31e7a99281c49294
  languageName: node
  linkType: hard

"@types/bn.js@npm:^5.1.0":
  version: 5.1.0
  resolution: "@types/bn.js@npm:5.1.0"
  dependencies:
    "@types/node": "*"
  checksum: 1dc1cbbd7a1e8bf3614752e9602f558762a901031f499f3055828b5e3e2bba16e5b88c27b3c4152ad795248fbe4086c731a5c4b0f29bb243f1875beeeabee59c
  languageName: node
  linkType: hard

"@types/node@npm:*":
  version: 17.0.31
  resolution: "@types/node@npm:17.0.31"
  checksum: 704618350f8420d5c47db0f7778398e821b7724369946f5c441a7e6b9343295553936400eb8309f0b07d5e39c240988ab3456b983712ca86265dabc9aee4ad3d
  languageName: node
  linkType: hard

"@types/node@npm:^17.0.41":
  version: 17.0.41
  resolution: "@types/node@npm:17.0.41"
  checksum: ddaf9e7decb487850a9bbfeb670b41c9d35c5b1597c4c4f889419b65042d776e9041ed533c7afc1bac30cad1e9dcfd984085b4a35312efe8ea5eaf0bd36a8191
  languageName: node
  linkType: hard

"balanced-match@npm:^1.0.0":
  version: 1.0.2
  resolution: "balanced-match@npm:1.0.2"
  checksum: 9706c088a283058a8a99e0bf91b0a2f75497f185980d9ffa8b304de1d9e58ebda7c72c07ebf01dadedaac5b2907b2c6f566f660d62bd336c3468e960403b9d65
  languageName: node
  linkType: hard

"base-x@npm:^3.0.2":
  version: 3.0.9
  resolution: "base-x@npm:3.0.9"
  dependencies:
    safe-buffer: ^5.0.1
  checksum: 957101d6fd09e1903e846fd8f69fd7e5e3e50254383e61ab667c725866bec54e5ece5ba49ce385128ae48f9ec93a26567d1d5ebb91f4d56ef4a9cc0d5a5481e8
  languageName: node
  linkType: hard

"bn.js@npm:5.2.0, bn.js@npm:^5.2.0":
  version: 5.2.0
  resolution: "bn.js@npm:5.2.0"
  checksum: 6117170393200f68b35a061ecbf55d01dd989302e7b3c798a3012354fa638d124f0b2f79e63f77be5556be80322a09c40339eda6413ba7468524c0b6d4b4cb7a
  languageName: node
  linkType: hard

"borsh@npm:^0.6.0":
  version: 0.6.0
  resolution: "borsh@npm:0.6.0"
  dependencies:
    bn.js: ^5.2.0
    bs58: ^4.0.0
    text-encoding-utf-8: ^1.0.2
  checksum: 633986769e931dd9d156c0d52a315cd3bb0546c24df84e28fa04859cccbebd9107f1621bd594d4a63ba23c7cda2931a8d97e54952ee766a097d3c2434f80b009
  languageName: node
  linkType: hard

"brace-expansion@npm:^2.0.1":
  version: 2.0.1
  resolution: "brace-expansion@npm:2.0.1"
  dependencies:
    balanced-match: ^1.0.0
  checksum: a61e7cd2e8a8505e9f0036b3b6108ba5e926b4b55089eeb5550cd04a471fe216c96d4fe7e4c7f995c728c554ae20ddfc4244cad10aef255e72b62930afd233d1
  languageName: node
  linkType: hard

"bs58@npm:^4.0.0":
  version: 4.0.1
  resolution: "bs58@npm:4.0.1"
  dependencies:
    base-x: ^3.0.2
  checksum: b3c5365bb9e0c561e1a82f1a2d809a1a692059fae016be233a6127ad2f50a6b986467c3a50669ce4c18929dcccb297c5909314dd347a25a68c21b68eb3e95ac2
  languageName: node
  linkType: hard

"capability@npm:^0.2.5":
  version: 0.2.5
  resolution: "capability@npm:0.2.5"
  checksum: 59ce65958dc0f2e76e7007fe8d5a0a85801b950bb957779c11948776f0e7a1290b9638bfd2da92b4b8bebd7584f92a8c38d4e6613659c9637783a6993026b08b
  languageName: node
  linkType: hard

"depd@npm:^2.0.0":
  version: 2.0.0
  resolution: "depd@npm:2.0.0"
  checksum: abbe19c768c97ee2eed6282d8ce3031126662252c58d711f646921c9623f9052e3e1906443066beec1095832f534e57c523b7333f8e7e0d93051ab6baef5ab3a
  languageName: node
  linkType: hard

"depd@npm:~1.1.2":
  version: 1.1.2
  resolution: "depd@npm:1.1.2"
  checksum: 6b406620d269619852885ce15965272b829df6f409724415e0002c8632ab6a8c0a08ec1f0bd2add05dc7bd7507606f7e2cc034fa24224ab829580040b835ecd9
  languageName: node
  linkType: hard

"error-polyfill@npm:^0.1.3":
  version: 0.1.3
  resolution: "error-polyfill@npm:0.1.3"
  dependencies:
    capability: ^0.2.5
    o3: ^1.0.3
    u3: ^0.1.1
  checksum: 1aee485841310e1f4d10cde0a5c8ac840311c94914bb1aed8fd71826be84dd5dba3d4ab937f39c0b970edb3d0a76cfb5d001ec979db6c68858b5f75c1f504c52
  languageName: node
  linkType: hard

"fs.realpath@npm:^1.0.0":
  version: 1.0.0
  resolution: "fs.realpath@npm:1.0.0"
  checksum: 99ddea01a7e75aa276c250a04eedeffe5662bce66c65c07164ad6264f9de18fb21be9433ead460e54cff20e31721c811f4fb5d70591799df5f85dce6d6746fd0
  languageName: node
  linkType: hard

"glob@npm:^8.0.3":
  version: 8.0.3
  resolution: "glob@npm:8.0.3"
  dependencies:
    fs.realpath: ^1.0.0
    inflight: ^1.0.4
    inherits: 2
    minimatch: ^5.0.1
    once: ^1.3.0
  checksum: 50bcdea19d8e79d8de5f460b1939ffc2b3299eac28deb502093fdca22a78efebc03e66bf54f0abc3d3d07d8134d19a32850288b7440d77e072aa55f9d33b18c5
  languageName: node
  linkType: hard

"http-errors@npm:^1.7.2":
  version: 1.8.1
  resolution: "http-errors@npm:1.8.1"
  dependencies:
    depd: ~1.1.2
    inherits: 2.0.4
    setprototypeof: 1.2.0
    statuses: ">= 1.5.0 < 2"
    toidentifier: 1.0.1
  checksum: d3c7e7e776fd51c0a812baff570bdf06fe49a5dc448b700ab6171b1250e4cf7db8b8f4c0b133e4bfe2451022a5790c1ca6c2cae4094dedd6ac8304a1267f91d2
  languageName: node
  linkType: hard

"inflight@npm:^1.0.4":
  version: 1.0.6
  resolution: "inflight@npm:1.0.6"
  dependencies:
    once: ^1.3.0
    wrappy: 1
  checksum: f4f76aa072ce19fae87ce1ef7d221e709afb59d445e05d47fba710e85470923a75de35bfae47da6de1b18afc3ce83d70facf44cfb0aff89f0a3f45c0a0244dfd
  languageName: node
  linkType: hard

"inherits@npm:2, inherits@npm:2.0.4":
  version: 2.0.4
  resolution: "inherits@npm:2.0.4"
  checksum: 4a48a733847879d6cf6691860a6b1e3f0f4754176e4d71494c41f3475553768b10f84b5ce1d40fbd0e34e6bfbb864ee35858ad4dd2cf31e02fc4a154b724d7f1
  languageName: node
  linkType: hard

"js-sha256@npm:^0.9.0":
  version: 0.9.0
  resolution: "js-sha256@npm:0.9.0"
  checksum: ffad54b3373f81581e245866abfda50a62c483803a28176dd5c28fd2d313e0bdf830e77dac7ff8afd193c53031618920f3d98daf21cbbe80082753ab639c0365
  languageName: node
  linkType: hard

"jsonc-parser@npm:^3.0.0":
  version: 3.0.0
  resolution: "jsonc-parser@npm:3.0.0"
  checksum: 1df2326f1f9688de30c70ff19c5b2a83ba3b89a1036160da79821d1361090775e9db502dc57a67c11b56e1186fc1ed70b887f25c5febf9a3ec4f91435836c99d
  languageName: node
  linkType: hard

"lunr@npm:^2.3.9":
  version: 2.3.9
  resolution: "lunr@npm:2.3.9"
  checksum: 176719e24fcce7d3cf1baccce9dd5633cd8bdc1f41ebe6a180112e5ee99d80373fe2454f5d4624d437e5a8319698ca6837b9950566e15d2cae5f2a543a3db4b8
  languageName: node
  linkType: hard

"marked@npm:^4.0.16":
  version: 4.0.16
  resolution: "marked@npm:4.0.16"
  bin:
    marked: bin/marked.js
  checksum: c0ef780bf56c9bb49c15b66683e5648410c924c1d725f1489fc3c7dc3bd01194c50d720052bb0282ad7907f472dfdc8fa278acbc7903c5db3be4b83487e0d684
  languageName: node
  linkType: hard

"minimatch@npm:^5.0.1, minimatch@npm:^5.1.0":
  version: 5.1.0
  resolution: "minimatch@npm:5.1.0"
  dependencies:
    brace-expansion: ^2.0.1
  checksum: 15ce53d31a06361e8b7a629501b5c75491bc2b59712d53e802b1987121d91b433d73fcc5be92974fde66b2b51d8fb28d75a9ae900d249feb792bb1ba2a4f0a90
  languageName: node
  linkType: hard

"mustache@npm:^4.0.0":
  version: 4.2.0
  resolution: "mustache@npm:4.2.0"
  bin:
    mustache: bin/mustache
  checksum: 928fcb63e3aa44a562bfe9b59ba202cccbe40a46da50be6f0dd831b495be1dd7e38ca4657f0ecab2c1a89dc7bccba0885eab7ee7c1b215830da765758c7e0506
  languageName: node
  linkType: hard

"near-api-js@npm:^0.44.2":
  version: 0.44.2
  resolution: "near-api-js@npm:0.44.2"
  dependencies:
    bn.js: 5.2.0
    borsh: ^0.6.0
    bs58: ^4.0.0
    depd: ^2.0.0
    error-polyfill: ^0.1.3
    http-errors: ^1.7.2
    js-sha256: ^0.9.0
    mustache: ^4.0.0
    node-fetch: ^2.6.1
    text-encoding-utf-8: ^1.0.2
    tweetnacl: ^1.0.1
  checksum: d63625ab83d695d23a9126997355909fe141204c431a4818733050e1fcda11e5508dc70ff2e8fd55c1b2842908babd42fcf0ed4f3dc8c3fdb23ae422c497996d
  languageName: node
  linkType: hard

"node-fetch@npm:^2.6.1":
  version: 2.6.7
  resolution: "node-fetch@npm:2.6.7"
  dependencies:
    whatwg-url: ^5.0.0
  peerDependencies:
    encoding: ^0.1.0
  peerDependenciesMeta:
    encoding:
      optional: true
  checksum: 8d816ffd1ee22cab8301c7756ef04f3437f18dace86a1dae22cf81db8ef29c0bf6655f3215cb0cdb22b420b6fe141e64b26905e7f33f9377a7fa59135ea3e10b
  languageName: node
  linkType: hard

"o3@npm:^1.0.3":
  version: 1.0.3
  resolution: "o3@npm:1.0.3"
  dependencies:
    capability: ^0.2.5
  checksum: 3b4d0686c94ac21b3c8bd66fb2c93a4daef7b8f52a20b04595754f8dc4102550de9a7b1cdffa3db2191d47a4ae70ca568f21d9f3ba29bb15c3f004dbf636c33c
  languageName: node
  linkType: hard

"once@npm:^1.3.0":
  version: 1.4.0
  resolution: "once@npm:1.4.0"
  dependencies:
    wrappy: 1
  checksum: cd0a88501333edd640d95f0d2700fbde6bff20b3d4d9bdc521bdd31af0656b5706570d6c6afe532045a20bb8dc0849f8332d6f2a416e0ba6d3d3b98806c7db68
  languageName: node
  linkType: hard

"root-workspace-0b6124@workspace:.":
  version: 0.0.0-use.local
  resolution: "root-workspace-0b6124@workspace:."
  dependencies:
    "@tsconfig/recommended": ^1.0.1
    "@types/node": ^17.0.41
    typedoc: ^0.22.17
    typescript: ^4.7.3
  languageName: unknown
  linkType: soft

"safe-buffer@npm:^5.0.1":
  version: 5.2.1
  resolution: "safe-buffer@npm:5.2.1"
  checksum: b99c4b41fdd67a6aaf280fcd05e9ffb0813654894223afb78a31f14a19ad220bba8aba1cb14eddce1fcfb037155fe6de4e861784eb434f7d11ed58d1e70dd491
  languageName: node
  linkType: hard

"setprototypeof@npm:1.2.0":
  version: 1.2.0
  resolution: "setprototypeof@npm:1.2.0"
  checksum: be18cbbf70e7d8097c97f713a2e76edf84e87299b40d085c6bf8b65314e994cc15e2e317727342fa6996e38e1f52c59720b53fe621e2eb593a6847bf0356db89
  languageName: node
  linkType: hard

"shiki@npm:^0.10.1":
  version: 0.10.1
  resolution: "shiki@npm:0.10.1"
  dependencies:
    jsonc-parser: ^3.0.0
    vscode-oniguruma: ^1.6.1
    vscode-textmate: 5.2.0
  checksum: fb746f3cb3de7e545e3b10a6cb658d3938f840e4ccc9a3c90ceb7e69a8f89dbb432171faac1e9f02a03f103684dad88ee5e54b5c4964fa6b579fca6e8e26424d
  languageName: node
  linkType: hard

"statuses@npm:>= 1.5.0 < 2":
  version: 1.5.0
  resolution: "statuses@npm:1.5.0"
  checksum: c469b9519de16a4bb19600205cffb39ee471a5f17b82589757ca7bd40a8d92ebb6ed9f98b5a540c5d302ccbc78f15dc03cc0280dd6e00df1335568a5d5758a5c
  languageName: node
  linkType: hard

"text-encoding-utf-8@npm:^1.0.2":
  version: 1.0.2
  resolution: "text-encoding-utf-8@npm:1.0.2"
  checksum: ec4c15d50e738c5dba7327ad432ebf0725ec75d4d69c0bd55609254c5a3bc5341272d7003691084a0a73d60d981c8eb0e87603676fdb6f3fed60f4c9192309f9
  languageName: node
  linkType: hard

"toidentifier@npm:1.0.1":
  version: 1.0.1
  resolution: "toidentifier@npm:1.0.1"
  checksum: 952c29e2a85d7123239b5cfdd889a0dde47ab0497f0913d70588f19c53f7e0b5327c95f4651e413c74b785147f9637b17410ac8c846d5d4a20a5a33eb6dc3a45
  languageName: node
  linkType: hard

"tr46@npm:~0.0.3":
  version: 0.0.3
  resolution: "tr46@npm:0.0.3"
  checksum: 726321c5eaf41b5002e17ffbd1fb7245999a073e8979085dacd47c4b4e8068ff5777142fc6726d6ca1fd2ff16921b48788b87225cbc57c72636f6efa8efbffe3
  languageName: node
  linkType: hard

"tweetnacl@npm:^1.0.1":
  version: 1.0.3
  resolution: "tweetnacl@npm:1.0.3"
  checksum: e4a57cac188f0c53f24c7a33279e223618a2bfb5fea426231991652a13247bea06b081fd745d71291fcae0f4428d29beba1b984b1f1ce6f66b06a6d1ab90645c
  languageName: node
  linkType: hard

"typedoc@npm:^0.22.17":
  version: 0.22.17
  resolution: "typedoc@npm:0.22.17"
  dependencies:
    glob: ^8.0.3
    lunr: ^2.3.9
    marked: ^4.0.16
    minimatch: ^5.1.0
    shiki: ^0.10.1
  peerDependencies:
    typescript: 4.0.x || 4.1.x || 4.2.x || 4.3.x || 4.4.x || 4.5.x || 4.6.x || 4.7.x
  bin:
    typedoc: bin/typedoc
  checksum: 3a2f492477989855fa43afc0ebfb84dca819436ec5c868ca175cb02485c6347c04dbb2d11669a8be04fc6860a8f3d29d124300b5718ba17174622ace29a0276a
  languageName: node
  linkType: hard

"typescript@npm:^4.6.4":
  version: 4.6.4
  resolution: "typescript@npm:4.6.4"
  bin:
    tsc: bin/tsc
    tsserver: bin/tsserver
  checksum: e7bfcc39cd4571a63a54e5ea21f16b8445268b9900bf55aee0e02ad981be576acc140eba24f1af5e3c1457767c96cea6d12861768fb386cf3ffb34013718631a
  languageName: node
  linkType: hard

"typescript@npm:^4.7.3":
  version: 4.7.3
  resolution: "typescript@npm:4.7.3"
  bin:
    tsc: bin/tsc
    tsserver: bin/tsserver
  checksum: fd13a1ce53790a36bb8350e1f5e5e384b5f6cb9b0635114a6d01d49cb99916abdcfbc13c7521cdae2f2d3f6d8bc4a8ae7625edf645a04ee940588cd5e7597b2f
  languageName: node
  linkType: hard

"typescript@patch:typescript@^4.6.4#~builtin<compat/typescript>":
  version: 4.6.4
  resolution: "typescript@patch:typescript@npm%3A4.6.4#~builtin<compat/typescript>::version=4.6.4&hash=bda367"
  bin:
    tsc: bin/tsc
    tsserver: bin/tsserver
  checksum: 1cb434fbc637d347be90e3a0c6cd05e33c38f941713c8786d3031faf1842c2c148ba91d2fac01e7276b0ae3249b8633f1660e32686cc7a8c6a8fd5361dc52c66
  languageName: node
  linkType: hard

"typescript@patch:typescript@^4.7.3#~builtin<compat/typescript>":
  version: 4.7.3
  resolution: "typescript@patch:typescript@npm%3A4.7.3#~builtin<compat/typescript>::version=4.7.3&hash=bda367"
  bin:
    tsc: bin/tsc
    tsserver: bin/tsserver
  checksum: 8257ce7ecbbf9416da60045a76a99d473698ca9e973fa0ddab7137cacb1587255431176cbbcc801a650938c4dc8109ab88355774829a714fabe56a53a2fe4524
  languageName: node
  linkType: hard

"u3@npm:^0.1.1":
  version: 0.1.1
  resolution: "u3@npm:0.1.1"
  checksum: d55f396c607b0a2340d6165526b5143a29b369e7e0397b04f79633db77cd668f2da713feb7adb4f93a588e82a388ff995d9a2b16123d0cb02fe394fd2f26b529
  languageName: node
  linkType: hard

"vscode-oniguruma@npm:^1.6.1":
  version: 1.6.2
  resolution: "vscode-oniguruma@npm:1.6.2"
  checksum: 6b754acdafd5b68242ea5938bb00a32effc16c77f471d4f0f337d879d0e8e592622998e2441f42d9a7ff799c1593f31c11f26ca8d9bf9917e3ca881d3c1f3e19
  languageName: node
  linkType: hard

"vscode-textmate@npm:5.2.0":
  version: 5.2.0
  resolution: "vscode-textmate@npm:5.2.0"
  checksum: 5449b42d451080f6f3649b66948f4b5ee4643c4e88cfe3558a3b31c84c78060cfdd288c4958c1690eaa5cd65d09992fa6b7c3bef9d4aa72b3651054a04624d20
  languageName: node
  linkType: hard

"webidl-conversions@npm:^3.0.0":
  version: 3.0.1
  resolution: "webidl-conversions@npm:3.0.1"
  checksum: c92a0a6ab95314bde9c32e1d0a6dfac83b578f8fa5f21e675bc2706ed6981bc26b7eb7e6a1fab158e5ce4adf9caa4a0aee49a52505d4d13c7be545f15021b17c
  languageName: node
  linkType: hard

"whatwg-url@npm:^5.0.0":
  version: 5.0.0
  resolution: "whatwg-url@npm:5.0.0"
  dependencies:
    tr46: ~0.0.3
    webidl-conversions: ^3.0.0
  checksum: b8daed4ad3356cc4899048a15b2c143a9aed0dfae1f611ebd55073310c7b910f522ad75d727346ad64203d7e6c79ef25eafd465f4d12775ca44b90fa82ed9e2c
  languageName: node
  linkType: hard

"wrappy@npm:1":
  version: 1.0.2
  resolution: "wrappy@npm:1.0.2"
  checksum: 159da4805f7e84a3d003d8841557196034155008f817172d4e986bd591f74aa82aa7db55929a54222309e01079a65a92a9e6414da5a6aa4b01ee44a511ac3ee5
  languageName: node
  linkType: hard
